// !$*UTF8*$!
{
	archiveVersion = 1;
	classes = {
	};
	objectVersion = 50;
	objects = {

/* Begin PBXBuildFile section */
		952488E9248EF51A00F7F002 /* main.m in Sources */ = {isa = PBXBuildFile; fileRef = 952488E8248EF51A00F7F002 /* main.m */; };
		95AF7568249034CB00926C7B /* main.m in Sources */ = {isa = PBXBuildFile; fileRef = 95AF7567249034CB00926C7B /* main.m */; };
		95AF756E249039D400926C7B /* Box.m in Sources */ = {isa = PBXBuildFile; fileRef = 95AF756D249039D400926C7B /* Box.m */; };
		95AF757624904CA700926C7B /* main.m in Sources */ = {isa = PBXBuildFile; fileRef = 95AF757524904CA700926C7B /* main.m */; };
		95AF75912490622000926C7B /* Question.m in Sources */ = {isa = PBXBuildFile; fileRef = 95AF75902490622000926C7B /* Question.m */; };
		95AF7594249066A000926C7B /* UserInput.m in Sources */ = {isa = PBXBuildFile; fileRef = 95AF7593249066A000926C7B /* UserInput.m */; };
		95AF75972490869E00926C7B /* ScoreKeeper.m in Sources */ = {isa = PBXBuildFile; fileRef = 95AF75962490869E00926C7B /* ScoreKeeper.m */; };
		95C793312491881700C24FBD /* main.m in Sources */ = {isa = PBXBuildFile; fileRef = 95C793302491881700C24FBD /* main.m */; };
		95C793372491894C00C24FBD /* NSString+PigLatin.m in Sources */ = {isa = PBXBuildFile; fileRef = 95C793362491894C00C24FBD /* NSString+PigLatin.m */; };
		95C7933A2491E4AA00C24FBD /* QuestionManager.m in Sources */ = {isa = PBXBuildFile; fileRef = 95C793392491E4AA00C24FBD /* QuestionManager.m */; };
		95C793442491F78100C24FBD /* SubtractionQuestion.m in Sources */ = {isa = PBXBuildFile; fileRef = 95C793432491F78100C24FBD /* SubtractionQuestion.m */; };
		95C7934A2491F9A000C24FBD /* AdditionalQuestion.m in Sources */ = {isa = PBXBuildFile; fileRef = 95C793492491F9A000C24FBD /* AdditionalQuestion.m */; };
		95C7934D2491FC0D00C24FBD /* QuestionFactory.m in Sources */ = {isa = PBXBuildFile; fileRef = 95C7934C2491FC0D00C24FBD /* QuestionFactory.m */; };
		95C79351249202D100C24FBD /* DeletionQuestion.m in Sources */ = {isa = PBXBuildFile; fileRef = 95C79350249202D100C24FBD /* DeletionQuestion.m */; };
		95C79354249202FE00C24FBD /* MultiplicationQuestion.m in Sources */ = {isa = PBXBuildFile; fileRef = 95C79353249202FE00C24FBD /* MultiplicationQuestion.m */; };
/* End PBXBuildFile section */

/* Begin PBXCopyFilesBuildPhase section */
		952488E3248EF51A00F7F002 /* CopyFiles */ = {
			isa = PBXCopyFilesBuildPhase;
			buildActionMask = 2147483647;
			dstPath = /usr/share/man/man1/;
			dstSubfolderSpec = 0;
			files = (
			);
			runOnlyForDeploymentPostprocessing = 1;
		};
		95AF7563249034CB00926C7B /* CopyFiles */ = {
			isa = PBXCopyFilesBuildPhase;
			buildActionMask = 2147483647;
			dstPath = /usr/share/man/man1/;
			dstSubfolderSpec = 0;
			files = (
			);
			runOnlyForDeploymentPostprocessing = 1;
		};
		95AF757124904CA700926C7B /* CopyFiles */ = {
			isa = PBXCopyFilesBuildPhase;
			buildActionMask = 2147483647;
			dstPath = /usr/share/man/man1/;
			dstSubfolderSpec = 0;
			files = (
			);
			runOnlyForDeploymentPostprocessing = 1;
		};
		95C7932C2491881700C24FBD /* CopyFiles */ = {
			isa = PBXCopyFilesBuildPhase;
			buildActionMask = 2147483647;
			dstPath = /usr/share/man/man1/;
			dstSubfolderSpec = 0;
			files = (
			);
			runOnlyForDeploymentPostprocessing = 1;
		};
/* End PBXCopyFilesBuildPhase section */

/* Begin PBXFileReference section */
		952488E5248EF51A00F7F002 /* Lab1 */ = {isa = PBXFileReference; explicitFileType = "compiled.mach-o.executable"; includeInIndex = 0; path = Lab1; sourceTree = BUILT_PRODUCTS_DIR; };
		952488E8248EF51A00F7F002 /* main.m */ = {isa = PBXFileReference; lastKnownFileType = sourcecode.c.objc; path = main.m; sourceTree = "<group>"; };
		95AF7565249034CB00926C7B /* Lab2 */ = {isa = PBXFileReference; explicitFileType = "compiled.mach-o.executable"; includeInIndex = 0; path = Lab2; sourceTree = BUILT_PRODUCTS_DIR; };
		95AF7567249034CB00926C7B /* main.m */ = {isa = PBXFileReference; lastKnownFileType = sourcecode.c.objc; path = main.m; sourceTree = "<group>"; };
		95AF756C249039D400926C7B /* Box.h */ = {isa = PBXFileReference; lastKnownFileType = sourcecode.c.h; path = Box.h; sourceTree = "<group>"; };
		95AF756D249039D400926C7B /* Box.m */ = {isa = PBXFileReference; lastKnownFileType = sourcecode.c.objc; path = Box.m; sourceTree = "<group>"; };
		95AF757324904CA700926C7B /* Maths */ = {isa = PBXFileReference; explicitFileType = "compiled.mach-o.executable"; includeInIndex = 0; path = Maths; sourceTree = BUILT_PRODUCTS_DIR; };
		95AF757524904CA700926C7B /* main.m */ = {isa = PBXFileReference; lastKnownFileType = sourcecode.c.objc; path = main.m; sourceTree = "<group>"; };
		95AF758F2490622000926C7B /* Question.h */ = {isa = PBXFileReference; lastKnownFileType = sourcecode.c.h; path = Question.h; sourceTree = "<group>"; };
		95AF75902490622000926C7B /* Question.m */ = {isa = PBXFileReference; lastKnownFileType = sourcecode.c.objc; path = Question.m; sourceTree = "<group>"; };
		95AF7592249066A000926C7B /* UserInput.h */ = {isa = PBXFileReference; lastKnownFileType = sourcecode.c.h; path = UserInput.h; sourceTree = "<group>"; };
		95AF7593249066A000926C7B /* UserInput.m */ = {isa = PBXFileReference; lastKnownFileType = sourcecode.c.objc; path = UserInput.m; sourceTree = "<group>"; };
		95AF75952490869E00926C7B /* ScoreKeeper.h */ = {isa = PBXFileReference; lastKnownFileType = sourcecode.c.h; path = ScoreKeeper.h; sourceTree = "<group>"; };
		95AF75962490869E00926C7B /* ScoreKeeper.m */ = {isa = PBXFileReference; lastKnownFileType = sourcecode.c.objc; path = ScoreKeeper.m; sourceTree = "<group>"; };
		95C7932E2491881700C24FBD /* Lab13 */ = {isa = PBXFileReference; explicitFileType = "compiled.mach-o.executable"; includeInIndex = 0; path = Lab13; sourceTree = BUILT_PRODUCTS_DIR; };
		95C793302491881700C24FBD /* main.m */ = {isa = PBXFileReference; lastKnownFileType = sourcecode.c.objc; path = main.m; sourceTree = "<group>"; };
		95C793352491894C00C24FBD /* NSString+PigLatin.h */ = {isa = PBXFileReference; lastKnownFileType = sourcecode.c.h; path = "NSString+PigLatin.h"; sourceTree = "<group>"; };
		95C793362491894C00C24FBD /* NSString+PigLatin.m */ = {isa = PBXFileReference; lastKnownFileType = sourcecode.c.objc; path = "NSString+PigLatin.m"; sourceTree = "<group>"; };
		95C793382491E4AA00C24FBD /* QuestionManager.h */ = {isa = PBXFileReference; lastKnownFileType = sourcecode.c.h; path = QuestionManager.h; sourceTree = "<group>"; };
		95C793392491E4AA00C24FBD /* QuestionManager.m */ = {isa = PBXFileReference; lastKnownFileType = sourcecode.c.objc; path = QuestionManager.m; sourceTree = "<group>"; };
		95C793422491F78100C24FBD /* SubtractionQuestion.h */ = {isa = PBXFileReference; lastKnownFileType = sourcecode.c.h; path = SubtractionQuestion.h; sourceTree = "<group>"; };
		95C793432491F78100C24FBD /* SubtractionQuestion.m */ = {isa = PBXFileReference; lastKnownFileType = sourcecode.c.objc; path = SubtractionQuestion.m; sourceTree = "<group>"; };
		95C793482491F9A000C24FBD /* AdditionalQuestion.h */ = {isa = PBXFileReference; lastKnownFileType = sourcecode.c.h; path = AdditionalQuestion.h; sourceTree = "<group>"; };
		95C793492491F9A000C24FBD /* AdditionalQuestion.m */ = {isa = PBXFileReference; lastKnownFileType = sourcecode.c.objc; path = AdditionalQuestion.m; sourceTree = "<group>"; };
		95C7934B2491FC0D00C24FBD /* QuestionFactory.h */ = {isa = PBXFileReference; lastKnownFileType = sourcecode.c.h; path = QuestionFactory.h; sourceTree = "<group>"; };
		95C7934C2491FC0D00C24FBD /* QuestionFactory.m */ = {isa = PBXFileReference; lastKnownFileType = sourcecode.c.objc; path = QuestionFactory.m; sourceTree = "<group>"; };
		95C7934F249202D100C24FBD /* DeletionQuestion.h */ = {isa = PBXFileReference; lastKnownFileType = sourcecode.c.h; path = DeletionQuestion.h; sourceTree = "<group>"; };
		95C79350249202D100C24FBD /* DeletionQuestion.m */ = {isa = PBXFileReference; lastKnownFileType = sourcecode.c.objc; path = DeletionQuestion.m; sourceTree = "<group>"; };
		95C79352249202FE00C24FBD /* MultiplicationQuestion.h */ = {isa = PBXFileReference; lastKnownFileType = sourcecode.c.h; path = MultiplicationQuestion.h; sourceTree = "<group>"; };
		95C79353249202FE00C24FBD /* MultiplicationQuestion.m */ = {isa = PBXFileReference; lastKnownFileType = sourcecode.c.objc; path = MultiplicationQuestion.m; sourceTree = "<group>"; };
/* End PBXFileReference section */

/* Begin PBXFrameworksBuildPhase section */
		952488E2248EF51A00F7F002 /* Frameworks */ = {
			isa = PBXFrameworksBuildPhase;
			buildActionMask = 2147483647;
			files = (
			);
			runOnlyForDeploymentPostprocessing = 0;
		};
		95AF7562249034CB00926C7B /* Frameworks */ = {
			isa = PBXFrameworksBuildPhase;
			buildActionMask = 2147483647;
			files = (
			);
			runOnlyForDeploymentPostprocessing = 0;
		};
		95AF757024904CA700926C7B /* Frameworks */ = {
			isa = PBXFrameworksBuildPhase;
			buildActionMask = 2147483647;
			files = (
			);
			runOnlyForDeploymentPostprocessing = 0;
		};
		95C7932B2491881700C24FBD /* Frameworks */ = {
			isa = PBXFrameworksBuildPhase;
			buildActionMask = 2147483647;
			files = (
			);
			runOnlyForDeploymentPostprocessing = 0;
		};
/* End PBXFrameworksBuildPhase section */

/* Begin PBXGroup section */
		952488DC248EF51A00F7F002 = {
			isa = PBXGroup;
			children = (
				952488E7248EF51A00F7F002 /* Lab1 */,
				95AF7566249034CB00926C7B /* Lab2 */,
				95AF757424904CA700926C7B /* Maths */,
				95C7932F2491881700C24FBD /* Lab13 */,
				952488E6248EF51A00F7F002 /* Products */,
			);
			sourceTree = "<group>";
		};
		952488E6248EF51A00F7F002 /* Products */ = {
			isa = PBXGroup;
			children = (
				952488E5248EF51A00F7F002 /* Lab1 */,
				95AF7565249034CB00926C7B /* Lab2 */,
				95AF757324904CA700926C7B /* Maths */,
				95C7932E2491881700C24FBD /* Lab13 */,
			);
			name = Products;
			sourceTree = "<group>";
		};
		952488E7248EF51A00F7F002 /* Lab1 */ = {
			isa = PBXGroup;
			children = (
				952488E8248EF51A00F7F002 /* main.m */,
			);
			path = Lab1;
			sourceTree = "<group>";
		};
		95AF7566249034CB00926C7B /* Lab2 */ = {
			isa = PBXGroup;
			children = (
				95AF7567249034CB00926C7B /* main.m */,
				95AF756C249039D400926C7B /* Box.h */,
				95AF756D249039D400926C7B /* Box.m */,
			);
			path = Lab2;
			sourceTree = "<group>";
		};
		95AF757424904CA700926C7B /* Maths */ = {
			isa = PBXGroup;
			children = (
				95AF757524904CA700926C7B /* main.m */,
				95C7934E2491FFBF00C24FBD /* QuestionManagers */,
				95C7933B2491F55000C24FBD /* QuestionModels */,
			);
			path = Maths;
			sourceTree = "<group>";
		};
		95C7932F2491881700C24FBD /* Lab13 */ = {
			isa = PBXGroup;
			children = (
				95C793302491881700C24FBD /* main.m */,
				95C793352491894C00C24FBD /* NSString+PigLatin.h */,
				95C793362491894C00C24FBD /* NSString+PigLatin.m */,
			);
			path = Lab13;
			sourceTree = "<group>";
		};
		95C7933B2491F55000C24FBD /* QuestionModels */ = {
			isa = PBXGroup;
			children = (
				95AF758F2490622000926C7B /* Question.h */,
				95AF75902490622000926C7B /* Question.m */,
				95C793422491F78100C24FBD /* SubtractionQuestion.h */,
				95C793432491F78100C24FBD /* SubtractionQuestion.m */,
				95C793482491F9A000C24FBD /* AdditionalQuestion.h */,
				95C793492491F9A000C24FBD /* AdditionalQuestion.m */,
				95C7934F249202D100C24FBD /* DeletionQuestion.h */,
				95C79350249202D100C24FBD /* DeletionQuestion.m */,
				95C79352249202FE00C24FBD /* MultiplicationQuestion.h */,
				95C79353249202FE00C24FBD /* MultiplicationQuestion.m */,
			);
			path = QuestionModels;
			sourceTree = "<group>";
		};
		95C7934E2491FFBF00C24FBD /* QuestionManagers */ = {
			isa = PBXGroup;
			children = (
				95AF7592249066A000926C7B /* UserInput.h */,
				95AF7593249066A000926C7B /* UserInput.m */,
				95AF75952490869E00926C7B /* ScoreKeeper.h */,
				95AF75962490869E00926C7B /* ScoreKeeper.m */,
				95C793382491E4AA00C24FBD /* QuestionManager.h */,
				95C793392491E4AA00C24FBD /* QuestionManager.m */,
				95C7934B2491FC0D00C24FBD /* QuestionFactory.h */,
				95C7934C2491FC0D00C24FBD /* QuestionFactory.m */,
			);
			path = QuestionManagers;
			sourceTree = "<group>";
		};
/* End PBXGroup section */

/* Begin PBXNativeTarget section */
		952488E4248EF51A00F7F002 /* Lab1 */ = {
			isa = PBXNativeTarget;
			buildConfigurationList = 952488EC248EF51A00F7F002 /* Build configuration list for PBXNativeTarget "Lab1" */;
			buildPhases = (
				952488E1248EF51A00F7F002 /* Sources */,
				952488E2248EF51A00F7F002 /* Frameworks */,
				952488E3248EF51A00F7F002 /* CopyFiles */,
			);
			buildRules = (
			);
			dependencies = (
			);
			name = Lab1;
			productName = Labs;
			productReference = 952488E5248EF51A00F7F002 /* Lab1 */;
			productType = "com.apple.product-type.tool";
		};
		95AF7564249034CB00926C7B /* Lab2 */ = {
			isa = PBXNativeTarget;
			buildConfigurationList = 95AF7569249034CB00926C7B /* Build configuration list for PBXNativeTarget "Lab2" */;
			buildPhases = (
				95AF7561249034CB00926C7B /* Sources */,
				95AF7562249034CB00926C7B /* Frameworks */,
				95AF7563249034CB00926C7B /* CopyFiles */,
			);
			buildRules = (
			);
			dependencies = (
			);
			name = Lab2;
			productName = Lab2;
			productReference = 95AF7565249034CB00926C7B /* Lab2 */;
			productType = "com.apple.product-type.tool";
		};
		95AF757224904CA700926C7B /* Maths */ = {
			isa = PBXNativeTarget;
			buildConfigurationList = 95AF757724904CA700926C7B /* Build configuration list for PBXNativeTarget "Maths" */;
			buildPhases = (
				95AF756F24904CA700926C7B /* Sources */,
				95AF757024904CA700926C7B /* Frameworks */,
				95AF757124904CA700926C7B /* CopyFiles */,
			);
			buildRules = (
			);
			dependencies = (
			);
			name = Maths;
			productName = Maths;
			productReference = 95AF757324904CA700926C7B /* Maths */;
			productType = "com.apple.product-type.tool";
		};
		95C7932D2491881700C24FBD /* Lab13 */ = {
			isa = PBXNativeTarget;
			buildConfigurationList = 95C793342491881700C24FBD /* Build configuration list for PBXNativeTarget "Lab13" */;
			buildPhases = (
				95C7932A2491881700C24FBD /* Sources */,
				95C7932B2491881700C24FBD /* Frameworks */,
				95C7932C2491881700C24FBD /* CopyFiles */,
			);
			buildRules = (
			);
			dependencies = (
			);
			name = Lab13;
			productName = Lab13;
			productReference = 95C7932E2491881700C24FBD /* Lab13 */;
			productType = "com.apple.product-type.tool";
		};
/* End PBXNativeTarget section */

/* Begin PBXProject section */
		952488DD248EF51A00F7F002 /* Project object */ = {
			isa = PBXProject;
			attributes = {
				LastUpgradeCheck = 1150;
				ORGANIZATIONNAME = "Martin Kuchar";
				TargetAttributes = {
					952488E4248EF51A00F7F002 = {
						CreatedOnToolsVersion = 11.5;
					};
					95AF7564249034CB00926C7B = {
						CreatedOnToolsVersion = 11.5;
					};
					95AF757224904CA700926C7B = {
						CreatedOnToolsVersion = 11.5;
					};
					95C7932D2491881700C24FBD = {
						CreatedOnToolsVersion = 11.5;
					};
				};
			};
			buildConfigurationList = 952488E0248EF51A00F7F002 /* Build configuration list for PBXProject "Labs" */;
			compatibilityVersion = "Xcode 9.3";
			developmentRegion = en;
			hasScannedForEncodings = 0;
			knownRegions = (
				en,
				Base,
			);
			mainGroup = 952488DC248EF51A00F7F002;
			productRefGroup = 952488E6248EF51A00F7F002 /* Products */;
			projectDirPath = "";
			projectRoot = "";
			targets = (
				952488E4248EF51A00F7F002 /* Lab1 */,
				95AF7564249034CB00926C7B /* Lab2 */,
				95AF757224904CA700926C7B /* Maths */,
				95C7932D2491881700C24FBD /* Lab13 */,
			);
		};
/* End PBXProject section */

/* Begin PBXSourcesBuildPhase section */
		952488E1248EF51A00F7F002 /* Sources */ = {
			isa = PBXSourcesBuildPhase;
			buildActionMask = 2147483647;
			files = (
				952488E9248EF51A00F7F002 /* main.m in Sources */,
			);
			runOnlyForDeploymentPostprocessing = 0;
		};
		95AF7561249034CB00926C7B /* Sources */ = {
			isa = PBXSourcesBuildPhase;
			buildActionMask = 2147483647;
			files = (
				95AF7568249034CB00926C7B /* main.m in Sources */,
				95AF756E249039D400926C7B /* Box.m in Sources */,
			);
			runOnlyForDeploymentPostprocessing = 0;
		};
		95AF756F24904CA700926C7B /* Sources */ = {
			isa = PBXSourcesBuildPhase;
			buildActionMask = 2147483647;
			files = (
				95C7933A2491E4AA00C24FBD /* QuestionManager.m in Sources */,
				95C793442491F78100C24FBD /* SubtractionQuestion.m in Sources */,
				95C79351249202D100C24FBD /* DeletionQuestion.m in Sources */,
				95C7934A2491F9A000C24FBD /* AdditionalQuestion.m in Sources */,
				95AF75972490869E00926C7B /* ScoreKeeper.m in Sources */,
				95C7934D2491FC0D00C24FBD /* QuestionFactory.m in Sources */,
				95AF757624904CA700926C7B /* main.m in Sources */,
				95C79354249202FE00C24FBD /* MultiplicationQuestion.m in Sources */,
				95AF75912490622000926C7B /* Question.m in Sources */,
				95AF7594249066A000926C7B /* UserInput.m in Sources */,
			);
			runOnlyForDeploymentPostprocessing = 0;
		};
		95C7932A2491881700C24FBD /* Sources */ = {
			isa = PBXSourcesBuildPhase;
			buildActionMask = 2147483647;
			files = (
				95C793312491881700C24FBD /* main.m in Sources */,
				95C793372491894C00C24FBD /* NSString+PigLatin.m in Sources */,
			);
			runOnlyForDeploymentPostprocessing = 0;
		};
/* End PBXSourcesBuildPhase section */

/* Begin XCBuildConfiguration section */
		952488EA248EF51A00F7F002 /* Debug */ = {
			isa = XCBuildConfiguration;
			buildSettings = {
				ALWAYS_SEARCH_USER_PATHS = NO;
				CLANG_ANALYZER_NONNULL = YES;
				CLANG_ANALYZER_NUMBER_OBJECT_CONVERSION = YES_AGGRESSIVE;
				CLANG_CXX_LANGUAGE_STANDARD = "gnu++14";
				CLANG_CXX_LIBRARY = "libc++";
				CLANG_ENABLE_MODULES = YES;
				CLANG_ENABLE_OBJC_ARC = YES;
				CLANG_ENABLE_OBJC_WEAK = YES;
				CLANG_WARN_BLOCK_CAPTURE_AUTORELEASING = YES;
				CLANG_WARN_BOOL_CONVERSION = YES;
				CLANG_WARN_COMMA = YES;
				CLANG_WARN_CONSTANT_CONVERSION = YES;
				CLANG_WARN_DEPRECATED_OBJC_IMPLEMENTATIONS = YES;
				CLANG_WARN_DIRECT_OBJC_ISA_USAGE = YES_ERROR;
				CLANG_WARN_DOCUMENTATION_COMMENTS = YES;
				CLANG_WARN_EMPTY_BODY = YES;
				CLANG_WARN_ENUM_CONVERSION = YES;
				CLANG_WARN_INFINITE_RECURSION = YES;
				CLANG_WARN_INT_CONVERSION = YES;
				CLANG_WARN_NON_LITERAL_NULL_CONVERSION = YES;
				CLANG_WARN_OBJC_IMPLICIT_RETAIN_SELF = YES;
				CLANG_WARN_OBJC_LITERAL_CONVERSION = YES;
				CLANG_WARN_OBJC_ROOT_CLASS = YES_ERROR;
				CLANG_WARN_RANGE_LOOP_ANALYSIS = YES;
				CLANG_WARN_STRICT_PROTOTYPES = YES;
				CLANG_WARN_SUSPICIOUS_MOVE = YES;
				CLANG_WARN_UNGUARDED_AVAILABILITY = YES_AGGRESSIVE;
				CLANG_WARN_UNREACHABLE_CODE = YES;
				CLANG_WARN__DUPLICATE_METHOD_MATCH = YES;
				COPY_PHASE_STRIP = NO;
				DEBUG_INFORMATION_FORMAT = dwarf;
				ENABLE_STRICT_OBJC_MSGSEND = YES;
				ENABLE_TESTABILITY = YES;
				GCC_C_LANGUAGE_STANDARD = gnu11;
				GCC_DYNAMIC_NO_PIC = NO;
				GCC_NO_COMMON_BLOCKS = YES;
				GCC_OPTIMIZATION_LEVEL = 0;
				GCC_PREPROCESSOR_DEFINITIONS = (
					"DEBUG=1",
					"$(inherited)",
				);
				GCC_WARN_64_TO_32_BIT_CONVERSION = YES;
				GCC_WARN_ABOUT_RETURN_TYPE = YES_ERROR;
				GCC_WARN_UNDECLARED_SELECTOR = YES;
				GCC_WARN_UNINITIALIZED_AUTOS = YES_AGGRESSIVE;
				GCC_WARN_UNUSED_FUNCTION = YES;
				GCC_WARN_UNUSED_VARIABLE = YES;
				MACOSX_DEPLOYMENT_TARGET = 10.15;
				MTL_ENABLE_DEBUG_INFO = INCLUDE_SOURCE;
				MTL_FAST_MATH = YES;
				ONLY_ACTIVE_ARCH = YES;
				SDKROOT = macosx;
			};
			name = Debug;
		};
		952488EB248EF51A00F7F002 /* Release */ = {
			isa = XCBuildConfiguration;
			buildSettings = {
				ALWAYS_SEARCH_USER_PATHS = NO;
				CLANG_ANALYZER_NONNULL = YES;
				CLANG_ANALYZER_NUMBER_OBJECT_CONVERSION = YES_AGGRESSIVE;
				CLANG_CXX_LANGUAGE_STANDARD = "gnu++14";
				CLANG_CXX_LIBRARY = "libc++";
				CLANG_ENABLE_MODULES = YES;
				CLANG_ENABLE_OBJC_ARC = YES;
				CLANG_ENABLE_OBJC_WEAK = YES;
				CLANG_WARN_BLOCK_CAPTURE_AUTORELEASING = YES;
				CLANG_WARN_BOOL_CONVERSION = YES;
				CLANG_WARN_COMMA = YES;
				CLANG_WARN_CONSTANT_CONVERSION = YES;
				CLANG_WARN_DEPRECATED_OBJC_IMPLEMENTATIONS = YES;
				CLANG_WARN_DIRECT_OBJC_ISA_USAGE = YES_ERROR;
				CLANG_WARN_DOCUMENTATION_COMMENTS = YES;
				CLANG_WARN_EMPTY_BODY = YES;
				CLANG_WARN_ENUM_CONVERSION = YES;
				CLANG_WARN_INFINITE_RECURSION = YES;
				CLANG_WARN_INT_CONVERSION = YES;
				CLANG_WARN_NON_LITERAL_NULL_CONVERSION = YES;
				CLANG_WARN_OBJC_IMPLICIT_RETAIN_SELF = YES;
				CLANG_WARN_OBJC_LITERAL_CONVERSION = YES;
				CLANG_WARN_OBJC_ROOT_CLASS = YES_ERROR;
				CLANG_WARN_RANGE_LOOP_ANALYSIS = YES;
				CLANG_WARN_STRICT_PROTOTYPES = YES;
				CLANG_WARN_SUSPICIOUS_MOVE = YES;
				CLANG_WARN_UNGUARDED_AVAILABILITY = YES_AGGRESSIVE;
				CLANG_WARN_UNREACHABLE_CODE = YES;
				CLANG_WARN__DUPLICATE_METHOD_MATCH = YES;
				COPY_PHASE_STRIP = NO;
				DEBUG_INFORMATION_FORMAT = "dwarf-with-dsym";
				ENABLE_NS_ASSERTIONS = NO;
				ENABLE_STRICT_OBJC_MSGSEND = YES;
				GCC_C_LANGUAGE_STANDARD = gnu11;
				GCC_NO_COMMON_BLOCKS = YES;
				GCC_WARN_64_TO_32_BIT_CONVERSION = YES;
				GCC_WARN_ABOUT_RETURN_TYPE = YES_ERROR;
				GCC_WARN_UNDECLARED_SELECTOR = YES;
				GCC_WARN_UNINITIALIZED_AUTOS = YES_AGGRESSIVE;
				GCC_WARN_UNUSED_FUNCTION = YES;
				GCC_WARN_UNUSED_VARIABLE = YES;
				MACOSX_DEPLOYMENT_TARGET = 10.15;
				MTL_ENABLE_DEBUG_INFO = NO;
				MTL_FAST_MATH = YES;
				SDKROOT = macosx;
			};
			name = Release;
		};
		952488ED248EF51A00F7F002 /* Debug */ = {
			isa = XCBuildConfiguration;
			buildSettings = {
				CODE_SIGN_STYLE = Automatic;
				DEVELOPMENT_TEAM = PC4J6W84S8;
				ENABLE_HARDENED_RUNTIME = YES;
				PRODUCT_NAME = "$(TARGET_NAME)";
			};
			name = Debug;
		};
		952488EE248EF51A00F7F002 /* Release */ = {
			isa = XCBuildConfiguration;
			buildSettings = {
				CODE_SIGN_STYLE = Automatic;
				DEVELOPMENT_TEAM = PC4J6W84S8;
				ENABLE_HARDENED_RUNTIME = YES;
				PRODUCT_NAME = "$(TARGET_NAME)";
			};
			name = Release;
		};
		95AF756A249034CB00926C7B /* Debug */ = {
			isa = XCBuildConfiguration;
			buildSettings = {
				CODE_SIGN_STYLE = Automatic;
				DEVELOPMENT_TEAM = PC4J6W84S8;
				ENABLE_HARDENED_RUNTIME = YES;
				PRODUCT_NAME = "$(TARGET_NAME)";
			};
			name = Debug;
		};
		95AF756B249034CB00926C7B /* Release */ = {
			isa = XCBuildConfiguration;
			buildSettings = {
				CODE_SIGN_STYLE = Automatic;
				DEVELOPMENT_TEAM = PC4J6W84S8;
				ENABLE_HARDENED_RUNTIME = YES;
				PRODUCT_NAME = "$(TARGET_NAME)";
			};
			name = Release;
		};
		95AF757824904CA700926C7B /* Debug */ = {
			isa = XCBuildConfiguration;
			buildSettings = {
				CODE_SIGN_STYLE = Automatic;
				DEVELOPMENT_TEAM = PC4J6W84S8;
				ENABLE_HARDENED_RUNTIME = YES;
				PRODUCT_NAME = "$(TARGET_NAME)";
			};
			name = Debug;
		};
		95AF757924904CA700926C7B /* Release */ = {
			isa = XCBuildConfiguration;
			buildSettings = {
				CODE_SIGN_STYLE = Automatic;
				DEVELOPMENT_TEAM = PC4J6W84S8;
				ENABLE_HARDENED_RUNTIME = YES;
				PRODUCT_NAME = "$(TARGET_NAME)";
			};
			name = Release;
		};
		95C793322491881700C24FBD /* Debug */ = {
			isa = XCBuildConfiguration;
			buildSettings = {
				CODE_SIGN_STYLE = Automatic;
				DEVELOPMENT_TEAM = PC4J6W84S8;
				ENABLE_HARDENED_RUNTIME = YES;
				PRODUCT_NAME = "$(TARGET_NAME)";
			};
			name = Debug;
		};
		95C793332491881700C24FBD /* Release */ = {
			isa = XCBuildConfiguration;
			buildSettings = {
				CODE_SIGN_STYLE = Automatic;
				DEVELOPMENT_TEAM = PC4J6W84S8;
				ENABLE_HARDENED_RUNTIME = YES;
				PRODUCT_NAME = "$(TARGET_NAME)";
			};
			name = Release;
		};
/* End XCBuildConfiguration section */

/* Begin XCConfigurationList section */
		952488E0248EF51A00F7F002 /* Build configuration list for PBXProject "Labs" */ = {
			isa = XCConfigurationList;
			buildConfigurations = (
				952488EA248EF51A00F7F002 /* Debug */,
				952488EB248EF51A00F7F002 /* Release */,
			);
			defaultConfigurationIsVisible = 0;
			defaultConfigurationName = Release;
		};
		952488EC248EF51A00F7F002 /* Build configuration list for PBXNativeTarget "Lab1" */ = {
			isa = XCConfigurationList;
			buildConfigurations = (
				952488ED248EF51A00F7F002 /* Debug */,
				952488EE248EF51A00F7F002 /* Release */,
			);
			defaultConfigurationIsVisible = 0;
			defaultConfigurationName = Release;
		};
		95AF7569249034CB00926C7B /* Build configuration list for PBXNativeTarget "Lab2" */ = {
			isa = XCConfigurationList;
			buildConfigurations = (
				95AF756A249034CB00926C7B /* Debug */,
				95AF756B249034CB00926C7B /* Release */,
			);
			defaultConfigurationIsVisible = 0;
			defaultConfigurationName = Release;
		};
		95AF757724904CA700926C7B /* Build configuration list for PBXNativeTarget "Maths" */ = {
			isa = XCConfigurationList;
			buildConfigurations = (
				95AF757824904CA700926C7B /* Debug */,
				95AF757924904CA700926C7B /* Release */,
			);
			defaultConfigurationIsVisible = 0;
			defaultConfigurationName = Release;
		};
		95C793342491881700C24FBD /* Build configuration list for PBXNativeTarget "Lab13" */ = {
			isa = XCConfigurationList;
			buildConfigurations = (
				95C793322491881700C24FBD /* Debug */,
				95C793332491881700C24FBD /* Release */,
			);
			defaultConfigurationIsVisible = 0;
			defaultConfigurationName = Release;
		};
/* End XCConfigurationList section */
	};
	rootObject = 952488DD248EF51A00F7F002 /* Project object */;
}
